Microsoft Visual Studio Solution File, Format Version 10.00
# Visual Studio 2008
Project("{8BC9CEB8-8B4A-11D0-8D11-00A0C91BC942}") = "exam", "exam.vcproj", "{289B6117-1FE0-4E3C-88CF-AA8634A57266}"
EndProject
Global
	GlobalSection(SolutionConfigurationPlatforms) = preSolution
		Debug|Win32 = Debug|Win32
		Release|Win32 = Release|Win32
	EndGlobalSection
	GlobalSection(ProjectConfigurationPlatforms) = postSolution
		{289B6117-1FE0-4E3C-88CF-AA8634A57266}.Debug|Win32.ActiveCfg = Debug|Win32
		{289B6117-1FE0-4E3C-88CF-AA8634A57266}.Debug|Win32.Build.0 = Debug|Win32
		{289B6117-1FE0-4E3C-88CF-AA8634A57266}.Release|Win32.ActiveCfg = Release|Win32
		{289B6117-1FE0-4E3C-88CF-AA8634A57266}.Release|Win32.Build.0 = Release|Win32
	EndGlobalSection
	GlobalSection(SolutionProperties) = preSolution
		HideSolutionNode = FALSE
	EndGlobalSection
EndGlobal
